
Microsoft Visual Studio Solution File, Format Version 12.00
# Visual Studio 14
VisualStudioVersion = 14.0.25420.1
MinimumVisualStudioVersion = 10.0.40219.1
Project("{FAE04EC0-301F-11D3-BF4B-00C04F79EFBC}") = "Pubs.Core", "Pubs.Core\Pubs.Core.csproj", "{879AE220-1B34-44BD-8E43-C7D93D89BB50}"
EndProject
Project("{FAE04EC0-301F-11D3-BF4B-00C04F79EFBC}") = "Pubs.Services", "Pubs.Services\Pubs.Services.csproj", "{58BE149D-B45D-4B2D-BB19-039BE8070563}"
EndProject
Project("{FAE04EC0-301F-11D3-BF4B-00C04F79EFBC}") = "Pubs.WebApi", "Pubs.WebApi\Pubs.WebApi.csproj", "{141CD643-B7CF-45D0-8CDC-899826492310}"
EndProject
Project("{FAE04EC0-301F-11D3-BF4B-00C04F79EFBC}") = "Pubs.UI", "Pubs.UI\Pubs.UI.csproj", "{3C243979-7A2C-4083-BCBE-974C1BB986BD}"
EndProject
Project("{FAE04EC0-301F-11D3-BF4B-00C04F79EFBC}") = "Pubs.UI.Tests", "Pubs.UI.Tests\Pubs.UI.Tests.csproj", "{6B3757CB-8C49-4DF7-8303-23F67B0B7B0F}"
EndProject
Project("{FAE04EC0-301F-11D3-BF4B-00C04F79EFBC}") = "Pubs.Services.Tests", "Pubs.Services.Tests\Pubs.Services.Tests.csproj", "{FBD30E8E-A10F-4574-BC0B-9BF8E7E70448}"
EndProject
Global
	GlobalSection(SolutionConfigurationPlatforms) = preSolution
		Debug|Any CPU = Debug|Any CPU
		Release|Any CPU = Release|Any CPU
	EndGlobalSection
	GlobalSection(ProjectConfigurationPlatforms) = postSolution
		{879AE220-1B34-44BD-8E43-C7D93D89BB50}.Debug|Any CPU.ActiveCfg = Debug|Any CPU
		{879AE220-1B34-44BD-8E43-C7D93D89BB50}.Debug|Any CPU.Build.0 = Debug|Any CPU
		{879AE220-1B34-44BD-8E43-C7D93D89BB50}.Release|Any CPU.ActiveCfg = Release|Any CPU
		{879AE220-1B34-44BD-8E43-C7D93D89BB50}.Release|Any CPU.Build.0 = Release|Any CPU
		{58BE149D-B45D-4B2D-BB19-039BE8070563}.Debug|Any CPU.ActiveCfg = Debug|Any CPU
		{58BE149D-B45D-4B2D-BB19-039BE8070563}.Debug|Any CPU.Build.0 = Debug|Any CPU
		{58BE149D-B45D-4B2D-BB19-039BE8070563}.Release|Any CPU.ActiveCfg = Release|Any CPU
		{58BE149D-B45D-4B2D-BB19-039BE8070563}.Release|Any CPU.Build.0 = Release|Any CPU
		{141CD643-B7CF-45D0-8CDC-899826492310}.Debug|Any CPU.ActiveCfg = Debug|Any CPU
		{141CD643-B7CF-45D0-8CDC-899826492310}.Debug|Any CPU.Build.0 = Debug|Any CPU
		{141CD643-B7CF-45D0-8CDC-899826492310}.Release|Any CPU.ActiveCfg = Release|Any CPU
		{141CD643-B7CF-45D0-8CDC-899826492310}.Release|Any CPU.Build.0 = Release|Any CPU
		{3C243979-7A2C-4083-BCBE-974C1BB986BD}.Debug|Any CPU.ActiveCfg = Debug|Any CPU
		{3C243979-7A2C-4083-BCBE-974C1BB986BD}.Debug|Any CPU.Build.0 = Debug|Any CPU
		{3C243979-7A2C-4083-BCBE-974C1BB986BD}.Release|Any CPU.ActiveCfg = Release|Any CPU
		{3C243979-7A2C-4083-BCBE-974C1BB986BD}.Release|Any CPU.Build.0 = Release|Any CPU
		{6B3757CB-8C49-4DF7-8303-23F67B0B7B0F}.Debug|Any CPU.ActiveCfg = Debug|Any CPU
		{6B3757CB-8C49-4DF7-8303-23F67B0B7B0F}.Debug|Any CPU.Build.0 = Debug|Any CPU
		{6B3757CB-8C49-4DF7-8303-23F67B0B7B0F}.Release|Any CPU.ActiveCfg = Release|Any CPU
		{6B3757CB-8C49-4DF7-8303-23F67B0B7B0F}.Release|Any CPU.Build.0 = Release|Any CPU
		{FBD30E8E-A10F-4574-BC0B-9BF8E7E70448}.Debug|Any CPU.ActiveCfg = Debug|Any CPU
		{FBD30E8E-A10F-4574-BC0B-9BF8E7E70448}.Debug|Any CPU.Build.0 = Debug|Any CPU
		{FBD30E8E-A10F-4574-BC0B-9BF8E7E70448}.Release|Any CPU.ActiveCfg = Release|Any CPU
		{FBD30E8E-A10F-4574-BC0B-9BF8E7E70448}.Release|Any CPU.Build.0 = Release|Any CPU
	EndGlobalSection
	GlobalSection(SolutionProperties) = preSolution
		HideSolutionNode = FALSE
	EndGlobalSection
EndGlobal
